{
  "requires": true,
  "lockfileVersion": 1,
  "dependencies": {
    "@babel/runtime": {
      "version": "7.4.5",
      "resolved": "https://registry.npmjs.org/@babel/runtime/-/runtime-7.4.5.tgz",
      "integrity": "sha512-TuI4qpWZP6lGOGIuGWtp9sPluqYICmbk8T/1vpSysqJxRPkudh/ofFWyqdcMsDf2s7KvDL4/YHgKyvcS3g9CJQ==",
      "requires": {
        "regenerator-runtime": "^0.13.2"
      }
    },
    "@videojs/http-streaming": {
      "version": "1.9.3",
      "resolved": "https://registry.npmjs.org/@videojs/http-streaming/-/http-streaming-1.9.3.tgz",
      "integrity": "sha512-gNdqyvhxTU67optzxiywHXi/z2+Ju0b6hNth0V7BsL7YAH+R1StIKmmp6SsfFZQfrNW5ykYFoR95M/AT5cg9Ug==",
      "requires": {
        "aes-decrypter": "3.0.0",
        "global": "^4.3.0",
        "m3u8-parser": "4.3.0",
        "mpd-parser": "0.7.0",
        "mux.js": "5.1.1",
        "url-toolkit": "^2.1.3",
        "video.js": "^6.8.0 || ^7.0.0"
      }
    },
    "aes-decrypter": {
      "version": "3.0.0",
      "resolved": "https://registry.npmjs.org/aes-decrypter/-/aes-decrypter-3.0.0.tgz",
      "integrity": "sha1-eEihwUW5/b9Xrj4rWxvHzwZEqPs=",
      "requires": {
        "commander": "^2.9.0",
        "global": "^4.3.2",
        "pkcs7": "^1.0.2"
      }
    },
    "any-promise": {
      "version": "1.3.0",
      "resolved": "https://registry.npmjs.org/any-promise/-/any-promise-1.3.0.tgz",
      "integrity": "sha1-q8av7tzqUugJzcA3au0845Y10X8="
    },
    "babel-runtime": {
      "version": "6.26.0",
      "resolved": "https://registry.npmjs.org/babel-runtime/-/babel-runtime-6.26.0.tgz",
      "integrity": "sha1-llxwWGaOgrVde/4E/yM3vItWR/4=",
      "requires": {
        "core-js": "^2.4.0",
        "regenerator-runtime": "^0.11.0"
      },
      "dependencies": {
        "regenerator-runtime": {
          "version": "0.11.1",
          "resolved": "https://registry.npmjs.org/regenerator-runtime/-/regenerator-runtime-0.11.1.tgz",
          "integrity": "sha512-MguG95oij0fC3QV3URf4V2SDYGJhJnJGqvIIgdECeODCT98wSWDAJ94SSuVpYQUoTcGUIL6L4yNB7j1DFFHSBg=="
        }
      }
    },
    "balanced-match": {
      "version": "1.0.0",
      "resolved": "https://registry.npmjs.org/balanced-match/-/balanced-match-1.0.0.tgz",
      "integrity": "sha1-ibTRmasr7kneFk6gK4nORi1xt2c="
    },
    "blueimp-canvas-to-blob": {
      "version": "3.15.0",
      "resolved": "https://registry.npmjs.org/blueimp-canvas-to-blob/-/blueimp-canvas-to-blob-3.15.0.tgz",
      "integrity": "sha512-gogzDEkyXhIyEmbwkQ8WXHOXHgouVpRHRxy4Vy3CkDuTjNPdjHZofqCVE52vqCgeeCPGioSPjE91ECuClv9Big==",
      "optional": true
    },
    "blueimp-file-upload": {
      "version": "10.1.0",
      "resolved": "https://registry.npmjs.org/blueimp-file-upload/-/blueimp-file-upload-10.1.0.tgz",
      "integrity": "sha512-Zwsp2Omg6wud1LF+setDmIsO8B++r61VmB+MICiZDDT/6QbfHMsfZki5PAoUnT7EHXevsfiXF7tzv2eniiVREQ==",
      "requires": {
        "blueimp-canvas-to-blob": "3",
        "blueimp-load-image": "2",
        "blueimp-tmpl": "3"
      }
    },
    "blueimp-load-image": {
      "version": "2.23.0",
      "resolved": "https://registry.npmjs.org/blueimp-load-image/-/blueimp-load-image-2.23.0.tgz",
      "integrity": "sha512-2xLJfgYWXLXDFWhSZC49ahJtdiPKiGld3rEqp3ecOM428PlyuYxR7bq2vGuMfdlBXi8wYXfcs5T6XmU6XxrA7w==",
      "optional": true
    },
    "blueimp-tmpl": {
      "version": "3.12.0",
      "resolved": "https://registry.npmjs.org/blueimp-tmpl/-/blueimp-tmpl-3.12.0.tgz",
      "integrity": "sha512-rzPHcYgZnYmNwtotIUqm7EhYygIasfZOnpmzHU0elGBOLBwkdwpujKEzmdEbawV5xPKpPuux20HYl9dVYCu1rA==",
      "optional": true
    },
    "brace-expansion": {
      "version": "1.1.11",
      "resolved": "https://registry.npmjs.org/brace-expansion/-/brace-expansion-1.1.11.tgz",
      "integrity": "sha512-iCuPHDFgrHX7H2vEI/5xpz07zSHB00TpugqhmYtVmMO6518mCuRMoOYFldEBl0g187ufozdaHgWKcYFb61qGiA==",
      "requires": {
        "balanced-match": "^1.0.0",
        "concat-map": "0.0.1"
      }
    },
    "class.extend": {
      "version": "0.9.2",
      "resolved": "https://registry.npmjs.org/class.extend/-/class.extend-0.9.2.tgz",
      "integrity": "sha1-4cvaNpfLMdPNqxwAHSaQdckDH3g="
    },
    "clipboard": {
      "version": "1.7.1",
      "resolved": "https://registry.npmjs.org/clipboard/-/clipboard-1.7.1.tgz",
      "integrity": "sha1-Ng1taUbpmnof7zleQrqStem1oWs=",
      "requires": {
        "good-listener": "^1.2.2",
        "select": "^1.1.2",
        "tiny-emitter": "^2.0.0"
      }
    },
    "commander": {
      "version": "2.20.0",
      "resolved": "https://registry.npmjs.org/commander/-/commander-2.20.0.tgz",
      "integrity": "sha512-7j2y+40w61zy6YC2iRNpUe/NwhNyoXrYpHMrSunaMG64nRnaf96zO/KMQR4OyN/UnE5KLyEBnKHd4aG3rskjpQ=="
    },
    "concat-map": {
      "version": "0.0.1",
      "resolved": "https://registry.npmjs.org/concat-map/-/concat-map-0.0.1.tgz",
      "integrity": "sha1-2Klr13/Wjfd5OnMDajug1UBdR3s="
    },
    "core-js": {
      "version": "2.6.9",
      "resolved": "https://registry.npmjs.org/core-js/-/core-js-2.6.9.tgz",
      "integrity": "sha512-HOpZf6eXmnl7la+cUdMnLvUxKNqLUzJvgIziQ0DiF3JwSImNphIqdGqzj6hIKyX04MmV0poclQ7+wjWvxQyR2A=="
    },
    "define-properties": {
      "version": "1.1.3",
      "resolved": "https://registry.npmjs.org/define-properties/-/define-properties-1.1.3.tgz",
      "integrity": "sha512-3MqfYKj2lLzdMSf8ZIZE/V+Zuy+BgD6f164e8K2w7dgnpKArBDerGYpM46IYYcjnkdPNMjPk9A6VFB8+3SKlXQ==",
      "requires": {
        "object-keys": "^1.0.12"
      }
    },
    "delegate": {
      "version": "3.2.0",
      "resolved": "https://registry.npmjs.org/delegate/-/delegate-3.2.0.tgz",
      "integrity": "sha512-IofjkYBZaZivn0V8nnsMJGBr4jVLxHDheKSW88PyxS5QC4Vo9ZbZVvhzlSxY87fVq3STR6r+4cGepyHkcWOQSw=="
    },
    "dom-walk": {
      "version": "0.1.1",
      "resolved": "https://registry.npmjs.org/dom-walk/-/dom-walk-0.1.1.tgz",
      "integrity": "sha1-ZyIm3HTI95mtNTB9+TaroRrNYBg="
    },
    "es-abstract": {
      "version": "1.13.0",
      "resolved": "https://registry.npmjs.org/es-abstract/-/es-abstract-1.13.0.tgz",
      "integrity": "sha512-vDZfg/ykNxQVwup/8E1BZhVzFfBxs9NqMzGcvIJrqg5k2/5Za2bWo40dK2J1pgLngZ7c+Shh8lwYtLGyrwPutg==",
      "requires": {
        "es-to-primitive": "^1.2.0",
        "function-bind": "^1.1.1",
        "has": "^1.0.3",
        "is-callable": "^1.1.4",
        "is-regex": "^1.0.4",
        "object-keys": "^1.0.12"
      }
    },
    "es-to-primitive": {
      "version": "1.2.0",
      "resolved": "https://registry.npmjs.org/es-to-primitive/-/es-to-primitive-1.2.0.tgz",
      "integrity": "sha512-qZryBOJjV//LaxLTV6UC//WewneB3LcXOL9NP++ozKVXsIIIpm/2c13UDiD9Jp2eThsecw9m3jPqDwTyobcdbg==",
      "requires": {
        "is-callable": "^1.1.4",
        "is-date-object": "^1.0.1",
        "is-symbol": "^1.0.2"
      }
    },
    "es5-shim": {
      "version": "4.5.13",
      "resolved": "https://registry.npmjs.org/es5-shim/-/es5-shim-4.5.13.tgz",
      "integrity": "sha512-xi6hh6gsvDE0MaW4Vp1lgNEBpVcCXRWfPXj5egDvtgLz4L9MEvNwYEMdJH+JJinWkwa8c3c3o5HduV7dB/e1Hw=="
    },
    "for-each": {
      "version": "0.3.3",
      "resolved": "https://registry.npmjs.org/for-each/-/for-each-0.3.3.tgz",
      "integrity": "sha512-jqYfLp7mo9vIyQf8ykW2v7A+2N4QjeCeI5+Dz9XraiO1ign81wjiH7Fb9vSOWvQfNtmSa4H2RoQTrrXivdUZmw==",
      "requires": {
        "is-callable": "^1.1.3"
      }
    },
    "fs-extra": {
      "version": "0.26.7",
      "resolved": "https://registry.npmjs.org/fs-extra/-/fs-extra-0.26.7.tgz",
      "integrity": "sha1-muH92UiXeY7at20JGM9C0MMYT6k=",
      "requires": {
        "graceful-fs": "^4.1.2",
        "jsonfile": "^2.1.0",
        "klaw": "^1.0.0",
        "path-is-absolute": "^1.0.0",
        "rimraf": "^2.2.8"
      }
    },
    "fs-promise": {
      "version": "0.5.0",
      "resolved": "https://registry.npmjs.org/fs-promise/-/fs-promise-0.5.0.tgz",
      "integrity": "sha1-Q0fWv2JGVacGGkMZITw5MnatPvM=",
      "requires": {
        "any-promise": "^1.0.0",
        "fs-extra": "^0.26.5",
        "mz": "^2.3.1",
        "thenify-all": "^1.6.0"
      }
    },
    "fs.realpath": {
      "version": "1.0.0",
      "resolved": "https://registry.npmjs.org/fs.realpath/-/fs.realpath-1.0.0.tgz",
      "integrity": "sha1-FQStJSMVjKpA20onh8sBQRmU6k8="
    },
    "function-bind": {
      "version": "1.1.1",
      "resolved": "https://registry.npmjs.org/function-bind/-/function-bind-1.1.1.tgz",
      "integrity": "sha512-yIovAzMX49sF8Yl58fSCWJ5svSLuaibPxXQJFLmBObTuCr0Mf1KiPopGM9NiFjiYBCbfaa2Fh6breQ6ANVTI0A=="
    },
    "glob": {
      "version": "7.1.4",
      "resolved": "https://registry.npmjs.org/glob/-/glob-7.1.4.tgz",
      "integrity": "sha512-hkLPepehmnKk41pUGm3sYxoFs/umurYfYJCerbXEyFIWcAzvpipAgVkBqqT9RBKMGjnq6kMuyYwha6csxbiM1A==",
      "requires": {
        "fs.realpath": "^1.0.0",
        "inflight": "^1.0.4",
        "inherits": "2",
        "minimatch": "^3.0.4",
        "once": "^1.3.0",
        "path-is-absolute": "^1.0.0"
      }
    },
    "global": {
      "version": "4.4.0",
      "resolved": "https://registry.npmjs.org/global/-/global-4.4.0.tgz",
      "integrity": "sha512-wv/LAoHdRE3BeTGz53FAamhGlPLhlssK45usmGFThIi4XqnBmjKQ16u+RNbP7WvigRZDxUsM0J3gcQ5yicaL0w==",
      "requires": {
        "min-document": "^2.19.0",
        "process": "^0.11.10"
      }
    },
    "good-listener": {
      "version": "1.2.2",
      "resolved": "https://registry.npmjs.org/good-listener/-/good-listener-1.2.2.tgz",
      "integrity": "sha1-1TswzfkxPf+33JoNR3CWqm0UXFA=",
      "requires": {
        "delegate": "^3.1.2"
      }
    },
    "graceful-fs": {
      "version": "4.2.0",
      "resolved": "https://registry.npmjs.org/graceful-fs/-/graceful-fs-4.2.0.tgz",
      "integrity": "sha512-jpSvDPV4Cq/bgtpndIWbI5hmYxhQGHPC4d4cqBPb4DLniCfhJokdXhwhaDuLBGLQdvvRum/UiX6ECVIPvDXqdg=="
    },
    "has": {
      "version": "1.0.3",
      "resolved": "https://registry.npmjs.org/has/-/has-1.0.3.tgz",
      "integrity": "sha512-f2dvO0VU6Oej7RkWJGrehjbzMAjFp5/VKPp5tTpWIV4JHHZK1/BxbFRtf/siA2SWTe09caDmVtYYzWEIbBS4zw==",
      "requires": {
        "function-bind": "^1.1.1"
      }
    },
    "has-symbols": {
      "version": "1.0.0",
      "resolved": "https://registry.npmjs.org/has-symbols/-/has-symbols-1.0.0.tgz",
      "integrity": "sha1-uhqPGvKg/DllD1yFA2dwQSIGO0Q="
    },
    "individual": {
      "version": "2.0.0",
      "resolved": "https://registry.npmjs.org/individual/-/individual-2.0.0.tgz",
      "integrity": "sha1-gzsJfa0jKU52EXqY+zjg2a1hu5c="
    },
    "inflight": {
      "version": "1.0.6",
      "resolved": "https://registry.npmjs.org/inflight/-/inflight-1.0.6.tgz",
      "integrity": "sha1-Sb1jMdfQLQwJvJEKEHW6gWW1bfk=",
      "requires": {
        "once": "^1.3.0",
        "wrappy": "1"
      }
    },
    "inherits": {
      "version": "2.0.4",
      "resolved": "https://registry.npmjs.org/inherits/-/inherits-2.0.4.tgz",
      "integrity": "sha512-k/vGaX4/Yla3WzyMCvTQOXYeIHvqOKtnqBduzTHpzpQZzAskKMhZ2K+EnBiSM9zGSoIFeMpXKxa4dYeZIQqewQ=="
    },
    "is-callable": {
      "version": "1.1.4",
      "resolved": "https://registry.npmjs.org/is-callable/-/is-callable-1.1.4.tgz",
      "integrity": "sha512-r5p9sxJjYnArLjObpjA4xu5EKI3CuKHkJXMhT7kwbpUyIFD1n5PMAsoPvWnvtZiNz7LjkYDRZhd7FlI0eMijEA=="
    },
    "is-date-object": {
      "version": "1.0.1",
      "resolved": "https://registry.npmjs.org/is-date-object/-/is-date-object-1.0.1.tgz",
      "integrity": "sha1-mqIOtq7rv/d/vTPnTKAbM1gdOhY="
    },
    "is-function": {
      "version": "1.0.1",
      "resolved": "https://registry.npmjs.org/is-function/-/is-function-1.0.1.tgz",
      "integrity": "sha1-Es+5i2W1fdPRk6MSH19uL0N2ArU="
    },
    "is-regex": {
      "version": "1.0.4",
      "resolved": "https://registry.npmjs.org/is-regex/-/is-regex-1.0.4.tgz",
      "integrity": "sha1-VRdIm1RwkbCTDglWVM7SXul+lJE=",
      "requires": {
        "has": "^1.0.1"
      }
    },
    "is-symbol": {
      "version": "1.0.2",
      "resolved": "https://registry.npmjs.org/is-symbol/-/is-symbol-1.0.2.tgz",
      "integrity": "sha512-HS8bZ9ox60yCJLH9snBpIwv9pYUAkcuLhSA1oero1UB5y9aiQpRA8y2ex945AOtCZL1lJDeIk3G5LthswI46Lw==",
      "requires": {
        "has-symbols": "^1.0.0"
      }
    },
    "jquery": {
      "version": "1.12.4",
      "resolved": "https://registry.npmjs.org/jquery/-/jquery-1.12.4.tgz",
      "integrity": "sha1-AeHfuikP5z3rp3zurLD5ui/sngw="
    },
    "jsonfile": {
      "version": "2.4.0",
      "resolved": "https://registry.npmjs.org/jsonfile/-/jsonfile-2.4.0.tgz",
      "integrity": "sha1-NzaitCi4e72gzIO1P6PWM6NcKug=",
      "requires": {
        "graceful-fs": "^4.1.6"
      }
    },
    "karma-safaritechpreview-launcher": {
      "version": "0.0.6",
      "resolved": "https://registry.npmjs.org/karma-safaritechpreview-launcher/-/karma-safaritechpreview-launcher-0.0.6.tgz",
      "integrity": "sha512-2QMxAGXPQ37H3KoR9SCdh0OoktQZ5MyrxkvBiZ+VVOQfYVrcyOQXGrPea0/DKvf8qoQvrvP2FHcP/BxsuxuyHw==",
      "requires": {
        "fs-promise": "^0.5.0",
        "marcosc-async": "^3.0.4"
      }
    },
    "keycode": {
      "version": "2.2.0",
      "resolved": "https://registry.npmjs.org/keycode/-/keycode-2.2.0.tgz",
      "integrity": "sha1-PQr1bce4uOXLqNCpfxByBO7CKwQ="
    },
    "klaw": {
      "version": "1.3.1",
      "resolved": "https://registry.npmjs.org/klaw/-/klaw-1.3.1.tgz",
      "integrity": "sha1-QIhDO0azsbolnXh4XY6W9zugJDk=",
      "requires": {
        "graceful-fs": "^4.1.9"
      }
    },
    "m3u8-parser": {
      "version": "4.3.0",
      "resolved": "https://registry.npmjs.org/m3u8-parser/-/m3u8-parser-4.3.0.tgz",
      "integrity": "sha512-bVbjuBMoVIgFL1vpXVIxjeaoB5TPDJRb0m5qiTdM738SGqv/LAmsnVVPlKjM4fulm/rr1XZsKM+owHm+zvqxYA==",
      "requires": {
        "global": "^4.3.2"
      }
    },
    "marcosc-async": {
      "version": "3.0.5",
      "resolved": "https://registry.npmjs.org/marcosc-async/-/marcosc-async-3.0.5.tgz",
      "integrity": "sha1-QebVbGVsgRhZ00uXoKJgk/cdw2A="
    },
    "min-document": {
      "version": "2.19.0",
      "resolved": "https://registry.npmjs.org/min-document/-/min-document-2.19.0.tgz",
      "integrity": "sha1-e9KC4/WELtKVu3SM3Z8f+iyCRoU=",
      "requires": {
        "dom-walk": "^0.1.0"
      }
    },
    "minimatch": {
      "version": "3.0.4",
      "resolved": "https://registry.npmjs.org/minimatch/-/minimatch-3.0.4.tgz",
      "integrity": "sha512-yJHVQEhyqPLUTgt9B83PXu6W3rx4MvvHvSUvToogpwoGDOUQ+yDrR0HRot+yOCdCO7u4hX3pWft6kWBBcqh0UA==",
      "requires": {
        "brace-expansion": "^1.1.7"
      }
    },
    "mpd-parser": {
      "version": "0.7.0",
      "resolved": "https://registry.npmjs.org/mpd-parser/-/mpd-parser-0.7.0.tgz",
      "integrity": "sha512-nkzVIkecaDz3q7p4ToN3GR0FV2Odbh0w2sJ8ijsyw79JcBrJoUD3KHIiI8gL0hEDlex7mrVpTxXBsRHowUBmPw==",
      "requires": {
        "global": "^4.3.2",
        "url-toolkit": "^2.1.1"
      }
    },
    "mux.js": {
      "version": "5.1.1",
      "resolved": "https://registry.npmjs.org/mux.js/-/mux.js-5.1.1.tgz",
      "integrity": "sha512-Mf/UYmh5b8jvUP+jmrTbETnyFZprMdbT0RxKm/lJ/4d2Q3xdc5GaHaRPI1zVV5D3+6uxArVPm78QEb1RsrmaQw=="
    },
    "mz": {
      "version": "2.7.0",
      "resolved": "https://registry.npmjs.org/mz/-/mz-2.7.0.tgz",
      "integrity": "sha512-z81GNO7nnYMEhrGh9LeymoE4+Yr0Wn5McHIZMK5cfQCl+NDX08sCZgUc9/6MHni9IWuFLm1Z3HTCXu2z9fN62Q==",
      "requires": {
        "any-promise": "^1.0.0",
        "object-assign": "^4.0.1",
        "thenify-all": "^1.0.0"
      }
    },
    "object-assign": {
      "version": "4.1.1",
      "resolved": "https://registry.npmjs.org/object-assign/-/object-assign-4.1.1.tgz",
      "integrity": "sha1-IQmtx5ZYh8/AXLvUQsrIv7s2CGM="
    },
    "object-keys": {
      "version": "1.1.1",
      "resolved": "https://registry.npmjs.org/object-keys/-/object-keys-1.1.1.tgz",
      "integrity": "sha512-NuAESUOUMrlIXOfHKzD6bpPu3tYt3xvjNdRIQ+FeT0lNb4K8WR70CaDxhuNguS2XG+GjkyMwOzsN5ZktImfhLA=="
    },
    "once": {
      "version": "1.4.0",
      "resolved": "https://registry.npmjs.org/once/-/once-1.4.0.tgz",
      "integrity": "sha1-WDsap3WWHUsROsF9nFC6753Xa9E=",
      "requires": {
        "wrappy": "1"
      }
    },
    "parse-headers": {
      "version": "2.0.2",
      "resolved": "https://registry.npmjs.org/parse-headers/-/parse-headers-2.0.2.tgz",
      "integrity": "sha512-/LypJhzFmyBIDYP9aDVgeyEb5sQfbfY5mnDq4hVhlQ69js87wXfmEI5V3xI6vvXasqebp0oCytYFLxsBVfCzSg==",
      "requires": {
        "for-each": "^0.3.3",
        "string.prototype.trim": "^1.1.2"
      }
    },
    "path-is-absolute": {
      "version": "1.0.1",
      "resolved": "https://registry.npmjs.org/path-is-absolute/-/path-is-absolute-1.0.1.tgz",
      "integrity": "sha1-F0uSaHNVNP+8es5r9TpanhtcX18="
    },
    "pkcs7": {
      "version": "1.0.2",
      "resolved": "https://registry.npmjs.org/pkcs7/-/pkcs7-1.0.2.tgz",
      "integrity": "sha1-ttulJ1KMKUK/wSLOLa/NteWQdOc="
    },
    "process": {
      "version": "0.11.10",
      "resolved": "https://registry.npmjs.org/process/-/process-0.11.10.tgz",
      "integrity": "sha1-czIwDoQBYb2j5podHZGn1LwW8YI="
    },
    "regenerator-runtime": {
      "version": "0.13.2",
      "resolved": "https://registry.npmjs.org/regenerator-runtime/-/regenerator-runtime-0.13.2.tgz",
      "integrity": "sha512-S/TQAZJO+D3m9xeN1WTI8dLKBBiRgXBlTJvbWjCThHWZj9EvHK70Ff50/tYj2J/fvBY6JtFVwRuazHN2E7M9BA=="
    },
    "rimraf": {
      "version": "2.6.3",
      "resolved": "https://registry.npmjs.org/rimraf/-/rimraf-2.6.3.tgz",
      "integrity": "sha512-mwqeW5XsA2qAejG46gYdENaxXjx9onRNCfn7L0duuP4hCuTIi/QO7PDK07KJfp1d+izWPrzEJDcSqBa0OZQriA==",
      "requires": {
        "glob": "^7.1.3"
      }
    },
    "rust-result": {
      "version": "1.0.0",
      "resolved": "https://registry.npmjs.org/rust-result/-/rust-result-1.0.0.tgz",
      "integrity": "sha1-NMdbLm3Dn+WHXlveyFteD5FTb3I=",
      "requires": {
        "individual": "^2.0.0"
      }
    },
    "safe-json-parse": {
      "version": "4.0.0",
      "resolved": "https://registry.npmjs.org/safe-json-parse/-/safe-json-parse-4.0.0.tgz",
      "integrity": "sha1-fA9XjPzNEtM6ccDgVBPi7KFx6qw=",
      "requires": {
        "rust-result": "^1.0.0"
      }
    },
    "select": {
      "version": "1.1.2",
      "resolved": "https://registry.npmjs.org/select/-/select-1.1.2.tgz",
      "integrity": "sha1-DnNQrN7ICxEIUoeG7B1EGNEbOW0="
    },
    "sharer.js": {
      "version": "0.3.8",
      "resolved": "https://registry.npmjs.org/sharer.js/-/sharer.js-0.3.8.tgz",
      "integrity": "sha512-EToFteXLIzinnnUyW0S+x44sWeM7FINVlA5kv+ENT2jCYmfRyRVN9NTqc6Xyvg4YGknX5XkqTtMIqI/Kp+qLDw=="
    },
    "silvermine-videojs-quality-selector": {
      "version": "1.1.2",
      "resolved": "https://registry.npmjs.org/silvermine-videojs-quality-selector/-/silvermine-videojs-quality-selector-1.1.2.tgz",
      "integrity": "sha1-lAM/+e5Sum2hJjuXyadNWz399xE=",
      "requires": {
        "class.extend": "0.9.2",
        "underscore": "1.8.3"
      }
    },
    "string.prototype.trim": {
      "version": "1.1.2",
      "resolved": "https://registry.npmjs.org/string.prototype.trim/-/string.prototype.trim-1.1.2.tgz",
      "integrity": "sha1-0E3iyJ4Tf019IG8Ia17S+ua+jOo=",
      "requires": {
        "define-properties": "^1.1.2",
        "es-abstract": "^1.5.0",
        "function-bind": "^1.0.2"
      }
    },
    "thenify": {
      "version": "3.3.0",
      "resolved": "https://registry.npmjs.org/thenify/-/thenify-3.3.0.tgz",
      "integrity": "sha1-5p44obq+lpsBCCB5eLn2K4hgSDk=",
      "requires": {
        "any-promise": "^1.0.0"
      }
    },
    "thenify-all": {
      "version": "1.6.0",
      "resolved": "https://registry.npmjs.org/thenify-all/-/thenify-all-1.6.0.tgz",
      "integrity": "sha1-GhkY1ALY/D+Y+/I02wvMjMEOlyY=",
      "requires": {
        "thenify": ">= 3.1.0 < 4"
      }
    },
    "throttle-debounce": {
      "version": "0.1.1",
      "resolved": "https://registry.npmjs.org/throttle-debounce/-/throttle-debounce-0.1.1.tgz",
      "integrity": "sha1-0oa2xct7eOC7gb4DSymiL7KUVa4=",
      "requires": {
        "jquery": "^1.11.2"
      }
    },
    "tiny-emitter": {
      "version": "2.1.0",
      "resolved": "https://registry.npmjs.org/tiny-emitter/-/tiny-emitter-2.1.0.tgz",
      "integrity": "sha512-NB6Dk1A9xgQPMoGqC5CVXn123gWyte215ONT5Pp5a0yt4nlEoO1ZWeCwpncaekPHXO60i47ihFnZPiRPjRMq4Q=="
    },
    "tsml": {
      "version": "1.0.1",
      "resolved": "https://registry.npmjs.org/tsml/-/tsml-1.0.1.tgz",
      "integrity": "sha1-ifghi52eJX9H1/a1bQHFpNLGj8M="
    },
    "underscore": {
      "version": "1.8.3",
      "resolved": "https://registry.npmjs.org/underscore/-/underscore-1.8.3.tgz",
      "integrity": "sha1-Tz+1OxBuYJf8+ctBCfKl6b36UCI="
    },
    "url-toolkit": {
      "version": "2.1.6",
      "resolved": "https://registry.npmjs.org/url-toolkit/-/url-toolkit-2.1.6.tgz",
      "integrity": "sha512-UaZ2+50am4HwrV2crR/JAf63Q4VvPYphe63WGeoJxeu8gmOm0qxPt+KsukfakPNrX9aymGNEkkaoICwn+OuvBw=="
    },
    "vanilla-sharing": {
      "version": "5.6.2",
      "resolved": "https://registry.npmjs.org/vanilla-sharing/-/vanilla-sharing-5.6.2.tgz",
      "integrity": "sha512-XtWMkLPIrhjBjxhShwq5qp9HOxNy2HtEecAgCDbp3ryEdQyNLj0xPVA/5J7aPyv7dwWVme2l8FdgOtN/bkJZbQ=="
    },
    "video.js": {
      "version": "7.5.5",
      "resolved": "https://registry.npmjs.org/video.js/-/video.js-7.5.5.tgz",
      "integrity": "sha512-25eZciVCBJrJe0lhr5hUT9fQfGSBIBek9FoFfFgJEyXDmPwRMR3NCxYarW+qpPAC1Re8V6MSgaCg1oIbZdqBpA==",
      "requires": {
        "@babel/runtime": "^7.2.0",
        "@videojs/http-streaming": "1.9.3",
        "global": "4.3.2",
        "keycode": "^2.2.0",
        "safe-json-parse": "4.0.0",
        "tsml": "1.0.1",
        "videojs-font": "3.1.0",
        "videojs-vtt.js": "0.14.1",
        "xhr": "2.4.0"
      },
      "dependencies": {
        "global": {
          "version": "4.3.2",
          "resolved": "https://registry.npmjs.org/global/-/global-4.3.2.tgz",
          "integrity": "sha1-52mJJopsdMOJCLEwWxD8DjlOnQ8=",
          "requires": {
            "min-document": "^2.19.0",
            "process": "~0.5.1"
          }
        },
        "process": {
          "version": "0.5.2",
          "resolved": "https://registry.npmjs.org/process/-/process-0.5.2.tgz",
          "integrity": "sha1-FjjYqONML0QKkduVq5rrZ3/Bhc8="
        }
      }
    },
    "videojs-contrib-quality-levels": {
      "version": "2.0.9",
      "resolved": "https://registry.npmjs.org/videojs-contrib-quality-levels/-/videojs-contrib-quality-levels-2.0.9.tgz",
      "integrity": "sha512-HJeaJJQdSufi9Y5T7jlyyhkeq+mWPCog86q6ypoTi66boBMMJTo2abiOSHS9KaOGAJjH72gfvrjVY5FRdjlxYA==",
      "requires": {
        "global": "^4.3.2",
        "video.js": "^6 || ^7"
      }
    },
    "videojs-dynamic-overlay": {
      "version": "2.0.0",
      "resolved": "https://registry.npmjs.org/videojs-dynamic-overlay/-/videojs-dynamic-overlay-2.0.0.tgz",
      "integrity": "sha1-lsk/hfUWnt70k147KZFfnTMg0Es=",
      "requires": {
        "global": "^4.3.2",
        "video.js": "^5.19.2"
      },
      "dependencies": {
        "process": {
          "version": "0.5.2",
          "resolved": "https://registry.npmjs.org/process/-/process-0.5.2.tgz",
          "integrity": "sha1-FjjYqONML0QKkduVq5rrZ3/Bhc8="
        },
        "video.js": {
          "version": "5.20.5",
          "resolved": "https://registry.npmjs.org/video.js/-/video.js-5.20.5.tgz",
          "integrity": "sha1-RFza4gS85Fl4LYajGyWjKv1tjv8=",
          "requires": {
            "babel-runtime": "^6.9.2",
            "global": "4.3.0",
            "safe-json-parse": "4.0.0",
            "tsml": "1.0.1",
            "videojs-font": "2.0.0",
            "videojs-ie8": "1.1.2",
            "videojs-swf": "5.4.1",
            "videojs-vtt.js": "0.12.6",
            "xhr": "2.2.2"
          },
          "dependencies": {
            "global": {
              "version": "4.3.0",
              "resolved": "https://registry.npmjs.org/global/-/global-4.3.0.tgz",
              "integrity": "sha1-737EvurVebRU9evV5/MD21T0Kis=",
              "requires": {
                "min-document": "^2.6.1",
                "process": "~0.5.1"
              }
            }
          }
        },
        "videojs-font": {
          "version": "2.0.0",
          "resolved": "https://registry.npmjs.org/videojs-font/-/videojs-font-2.0.0.tgz",
          "integrity": "sha1-r3Rh751LleAzS/+3iy8v8DZKkDQ="
        },
        "videojs-vtt.js": {
          "version": "0.12.6",
          "resolved": "https://registry.npmjs.org/videojs-vtt.js/-/videojs-vtt.js-0.12.6.tgz",
          "integrity": "sha512-XFXeGBQiljnElMhwCcZst0RDbZn2n8LU7ZScXryd3a00OaZsHAjdZu/7/RdSr7Z1jHphd45FnOvOQkGK4YrWCQ==",
          "requires": {
            "global": "^4.3.1"
          }
        },
        "xhr": {
          "version": "2.2.2",
          "resolved": "https://registry.npmjs.org/xhr/-/xhr-2.2.2.tgz",
          "integrity": "sha1-LuclcYafhobUFVmp6ihsGJcUNf8=",
          "requires": {
            "global": "~4.3.0",
            "is-function": "^1.0.1",
            "parse-headers": "^2.0.0",
            "xtend": "^4.0.0"
          },
          "dependencies": {
            "global": {
              "version": "4.3.2",
              "resolved": "https://registry.npmjs.org/global/-/global-4.3.2.tgz",
              "integrity": "sha1-52mJJopsdMOJCLEwWxD8DjlOnQ8=",
              "requires": {
                "min-document": "^2.19.0",
                "process": "~0.5.1"
              }
            }
          }
        }
      }
    },
    "videojs-font": {
      "version": "3.1.0",
      "resolved": "https://registry.npmjs.org/videojs-font/-/videojs-font-3.1.0.tgz",
      "integrity": "sha512-rxB68SVgbHD+kSwoNWNCHicKJuR2ga3bGfvGxmB+8fupsiLbnyCwTBVtrZUq4bZnD64mrKP1DxHiutxwrs59pQ=="
    },
    "videojs-hls-quality-selector": {
      "version": "1.0.5",
      "resolved": "https://registry.npmjs.org/videojs-hls-quality-selector/-/videojs-hls-quality-selector-1.0.5.tgz",
      "integrity": "sha512-mfMmW9mSnfwfSTzS63MPDQaD12XQ3SH/b4RkMUaKwrNRSnrCpzyVdA26K9nmkISvA7wM1yqc/xD3dH35Y66XpA==",
      "requires": {
        "global": "^4.3.2",
        "karma-safaritechpreview-launcher": "0.0.6",
        "video.js": "^7.2.0",
        "videojs-contrib-quality-levels": "^2.0.9"
      }
    },
    "videojs-ie8": {
      "version": "1.1.2",
      "resolved": "https://registry.npmjs.org/videojs-ie8/-/videojs-ie8-1.1.2.tgz",
      "integrity": "sha1-oj09hgitcZK2nGB3/E64SJmNNdk=",
      "requires": {
        "es5-shim": "^4.5.1"
      }
    },
    "videojs-resolution-switcher": {
      "version": "0.4.2",
      "resolved": "https://registry.npmjs.org/videojs-resolution-switcher/-/videojs-resolution-switcher-0.4.2.tgz",
      "integrity": "sha1-U+84xY6VuQphp0Ut6Bd+6DiiZAU="
    },
    "videojs-responsive-layout": {
      "version": "1.1.1",
      "resolved": "https://registry.npmjs.org/videojs-responsive-layout/-/videojs-responsive-layout-1.1.1.tgz",
      "integrity": "sha1-KdIJC3SPMsd1r2nKyAc7IzC/8wU=",
      "requires": {
        "throttle-debounce": "^0.1.1",
        "video.js": "^5.8.0"
      },
      "dependencies": {
        "global": {
          "version": "4.3.0",
          "resolved": "https://registry.npmjs.org/global/-/global-4.3.0.tgz",
          "integrity": "sha1-737EvurVebRU9evV5/MD21T0Kis=",
          "requires": {
            "min-document": "^2.6.1",
            "process": "~0.5.1"
          }
        },
        "process": {
          "version": "0.5.2",
          "resolved": "https://registry.npmjs.org/process/-/process-0.5.2.tgz",
          "integrity": "sha1-FjjYqONML0QKkduVq5rrZ3/Bhc8="
        },
        "video.js": {
          "version": "5.20.5",
          "resolved": "https://registry.npmjs.org/video.js/-/video.js-5.20.5.tgz",
          "integrity": "sha1-RFza4gS85Fl4LYajGyWjKv1tjv8=",
          "requires": {
            "babel-runtime": "^6.9.2",
            "global": "4.3.0",
            "safe-json-parse": "4.0.0",
            "tsml": "1.0.1",
            "videojs-font": "2.0.0",
            "videojs-ie8": "1.1.2",
            "videojs-swf": "5.4.1",
            "videojs-vtt.js": "0.12.6",
            "xhr": "2.2.2"
          }
        },
        "videojs-font": {
          "version": "2.0.0",
          "resolved": "https://registry.npmjs.org/videojs-font/-/videojs-font-2.0.0.tgz",
          "integrity": "sha1-r3Rh751LleAzS/+3iy8v8DZKkDQ="
        },
        "videojs-vtt.js": {
          "version": "0.12.6",
          "resolved": "https://registry.npmjs.org/videojs-vtt.js/-/videojs-vtt.js-0.12.6.tgz",
          "integrity": "sha512-XFXeGBQiljnElMhwCcZst0RDbZn2n8LU7ZScXryd3a00OaZsHAjdZu/7/RdSr7Z1jHphd45FnOvOQkGK4YrWCQ==",
          "requires": {
            "global": "^4.3.1"
          },
          "dependencies": {
            "global": {
              "version": "4.4.0",
              "resolved": "https://registry.npmjs.org/global/-/global-4.4.0.tgz",
              "integrity": "sha512-wv/LAoHdRE3BeTGz53FAamhGlPLhlssK45usmGFThIi4XqnBmjKQ16u+RNbP7WvigRZDxUsM0J3gcQ5yicaL0w==",
              "requires": {
                "min-document": "^2.19.0",
                "process": "^0.11.10"
              }
            },
            "process": {
              "version": "0.11.10",
              "resolved": "https://registry.npmjs.org/process/-/process-0.11.10.tgz",
              "integrity": "sha1-czIwDoQBYb2j5podHZGn1LwW8YI="
            }
          }
        },
        "xhr": {
          "version": "2.2.2",
          "resolved": "https://registry.npmjs.org/xhr/-/xhr-2.2.2.tgz",
          "integrity": "sha1-LuclcYafhobUFVmp6ihsGJcUNf8=",
          "requires": {
            "global": "~4.3.0",
            "is-function": "^1.0.1",
            "parse-headers": "^2.0.0",
            "xtend": "^4.0.0"
          }
        }
      }
    },
    "videojs-seek-buttons": {
      "version": "1.5.0",
      "resolved": "https://registry.npmjs.org/videojs-seek-buttons/-/videojs-seek-buttons-1.5.0.tgz",
      "integrity": "sha512-X9d4dIngPBA2c0rQ+ap8nVqtDDR8VPi89MUS6RIKyR8TymM/IfAJz+A/vvyeAx2Hiv68elaCse+TV1H9bzv9Rw==",
      "requires": {
        "global": "^4.3.2",
        "video.js": "^5.19.2 || ^6 || ^7"
      }
    },
    "videojs-swf": {
      "version": "5.4.1",
      "resolved": "https://registry.npmjs.org/videojs-swf/-/videojs-swf-5.4.1.tgz",
      "integrity": "sha1-IHfvccdJ8seCPvSbq65N0qywj4c="
    },
    "videojs-vtt.js": {
      "version": "0.14.1",
      "resolved": "https://registry.npmjs.org/videojs-vtt.js/-/videojs-vtt.js-0.14.1.tgz",
      "integrity": "sha512-YxOiywx6N9t3J5nqsE5WN2Sw4CSqVe3zV+AZm2T4syOc2buNJaD6ZoexSdeszx2sHLU/RRo2r4BJAXFDQ7Qo2Q==",
      "requires": {
        "global": "^4.3.1"
      }
    },
    "wrappy": {
      "version": "1.0.2",
      "resolved": "https://registry.npmjs.org/wrappy/-/wrappy-1.0.2.tgz",
      "integrity": "sha1-tSQ9jz7BqjXxNkYFvA0QNuMKtp8="
    },
    "xhr": {
      "version": "2.4.0",
      "resolved": "https://registry.npmjs.org/xhr/-/xhr-2.4.0.tgz",
      "integrity": "sha1-4W5mpF+GmGHu76tBbV7/ci3ECZM=",
      "requires": {
        "global": "~4.3.0",
        "is-function": "^1.0.1",
        "parse-headers": "^2.0.0",
        "xtend": "^4.0.0"
      },
      "dependencies": {
        "global": {
          "version": "4.3.2",
          "resolved": "https://registry.npmjs.org/global/-/global-4.3.2.tgz",
          "integrity": "sha1-52mJJopsdMOJCLEwWxD8DjlOnQ8=",
          "requires": {
            "min-document": "^2.19.0",
            "process": "~0.5.1"
          }
        },
        "process": {
          "version": "0.5.2",
          "resolved": "https://registry.npmjs.org/process/-/process-0.5.2.tgz",
          "integrity": "sha1-FjjYqONML0QKkduVq5rrZ3/Bhc8="
        }
      }
    },
    "xtend": {
      "version": "4.0.1",
      "resolved": "https://registry.npmjs.org/xtend/-/xtend-4.0.1.tgz",
      "integrity": "sha1-pcbVMr5lbiPbgg77lDofBJmNY68="
    }
  }
}
